# @generated - this file is auto-generated by `mise lock` https://mise.jdx.dev/dev-tools/mise-lock.html

[[tools.cilium-cli]]
version = "0.19.5"
backend = "aqua:cilium/cilium-cli"

[tools.cilium-cli."platforms.linux-x64"]
checksum = "sha256:67e59489b7ad17dea8eb8cc930435105dff3a4575643ad62567fb2c5ae80d246"
url = "https://github.com/cilium/cilium-cli/releases/download/v0.19.5/cilium-linux-amd64.tar.gz"
url_api = "https://api.github.com/repos/cilium/cilium-cli/releases/assets/457431368"

[[tools.cilium-hubble]]
version = "1.19.4"
backend = "aqua:cilium/hubble"

[tools.cilium-hubble."platforms.linux-x64"]
checksum = "sha256:c7c37a5f27ed2ae2d5495c6ddbecc61cebbb841508e77af3c131e96f005ed247"
url = "https://github.com/cilium/hubble/releases/download/v1.19.4/hubble-linux-amd64.tar.gz"
url_api = "https://api.github.com/repos/cilium/hubble/releases/assets/439544269"

[[tools.flux2]]
version = "2.9.1"
backend = "aqua:fluxcd/flux2"

[tools.flux2."platforms.linux-x64"]
checksum = "sha256:6e984c92aa02250ea3f907367dc7829411e31d667b100ce2005cb87d5509e5b3"
url = "https://github.com/fluxcd/flux2/releases/download/v2.9.1/flux_2.9.1_linux_amd64.tar.gz"
url_api = "https://api.github.com/repos/fluxcd/flux2/releases/assets/469221979"

[tools.flux2."platforms.linux-x64".provenance.slsa]
url = "https://github.com/fluxcd/flux2/releases/download/v2.9.1/provenance.intoto.jsonl"

[[tools."github:home-operations/flate"]]
version = "0.4.10"
backend = "github:home-operations/flate"

[tools."github:home-operations/flate"."platforms.linux-x64"]
checksum = "sha256:f76f67949ed55637658faf54c17dd04babefb3cc2e7cad1ddd6c4d2c58fa107b"
url = "https://github.com/home-operations/flate/releases/download/v0.4.10/flate_0.4.10_linux_amd64.tar.gz"
url_api = "https://api.github.com/repos/home-operations/flate/releases/assets/459865881"

[[tools."github:home-operations/yayamlls"]]
version = "0.1.12"
backend = "github:home-operations/yayamlls"

[tools."github:home-operations/yayamlls"."platforms.linux-x64"]
checksum = "sha256:17a90c4d4af15306a4ed40f8afc72b6f0faa949b068da8e2572bf2a4563c49a9"
url = "https://github.com/home-operations/yayamlls/releases/download/0.1.12/yayamlls_0.1.12_linux_amd64.tar.gz"
url_api = "https://api.github.com/repos/home-operations/yayamlls/releases/assets/466614602"

[[tools.helm]]
version = "4.2.3"
backend = "aqua:helm/helm"

[tools.helm."platforms.linux-x64"]
checksum = "sha256:e9b88b4ee95b18c706839c28d3a0220e5bc470e9cd9262410c90793c45ff8b7c"
url = "https://get.helm.sh/helm-v4.2.3-linux-amd64.tar.gz"

[[tools.jq]]
version = "1.8.2"
backend = "aqua:jqlang/jq"

[tools.jq."platforms.linux-x64"]
checksum = "sha256:b1c22172dd303f3be49e935aa56aa48a8b7a46e0bc838b4997d3bb451495870f"
url = "https://github.com/jqlang/jq/releases/download/jq-1.8.2/jq-linux-amd64"
url_api = "https://api.github.com/repos/jqlang/jq/releases/assets/453012752"
provenance = "github-attestations"

[[tools.k9s]]
version = "0.51.0"
backend = "aqua:derailed/k9s"

[tools.k9s."platforms.linux-x64"]
checksum = "sha256:c3752ad51a5a4015a113819c4eeb6e55a4d0e4b8e652494797532f6fc8161dd7"
url = "https://github.com/derailed/k9s/releases/download/v0.51.0/k9s_Linux_amd64.tar.gz"
url_api = "https://api.github.com/repos/derailed/k9s/releases/assets/440224321"

[[tools.kubectl]]
version = "1.35.6"
backend = "aqua:kubernetes/kubernetes/kubectl"

[tools.kubectl."platforms.linux-arm64"]
checksum = "sha256:c0f97f31c9ddc22d4951d543a1a7125a9af4b31e895ad4aa99899c4ba2a6ff0b"
url = "https://dl.k8s.io/v1.35.6/bin/linux/arm64/kubectl"

[tools.kubectl."platforms.linux-arm64-musl"]
checksum = "sha256:c0f97f31c9ddc22d4951d543a1a7125a9af4b31e895ad4aa99899c4ba2a6ff0b"
url = "https://dl.k8s.io/v1.35.6/bin/linux/arm64/kubectl"

[tools.kubectl."platforms.linux-x64"]
checksum = "sha256:5d11e2ba01ea68ffd053f56e27738e2b4330013ee67f7e46c6da6c585d3c9926"
url = "https://dl.k8s.io/v1.35.6/bin/linux/amd64/kubectl"

[tools.kubectl."platforms.linux-x64-musl"]
checksum = "sha256:5d11e2ba01ea68ffd053f56e27738e2b4330013ee67f7e46c6da6c585d3c9926"
url = "https://dl.k8s.io/v1.35.6/bin/linux/amd64/kubectl"

[tools.kubectl."platforms.macos-arm64"]
checksum = "sha256:1827b555615791c1c1065dd64870eb49a4e00e9dfd389a82a2ef1d31bb46d200"
url = "https://dl.k8s.io/v1.35.6/bin/darwin/arm64/kubectl"

[tools.kubectl."platforms.macos-x64"]
checksum = "sha256:fa6b472ca1e542e171d7daedd9435b8e9650bc18d42a57eb930a51f48ca58874"
url = "https://dl.k8s.io/v1.35.6/bin/darwin/amd64/kubectl"

[tools.kubectl."platforms.windows-x64"]
checksum = "sha256:ce1c21d0e0a64fa249fad3b6372c14479e7901fedf6d5a425d92c46c2bd87442"
url = "https://dl.k8s.io/v1.35.6/bin/windows/amd64/kubectl.exe"

[[tools.mc]]
version = "RELEASE.2025-08-13T08-35-41Z"
backend = "aqua:minio/mc"

[tools.mc."platforms.linux-arm64"]
checksum = "sha256:14c8c9616cfce4636add161304353244e8de383b2e2752c0e9dad01d4c27c12c"
url = "https://dl.min.io/client/mc/release/linux-arm64/archive/mc.RELEASE.2025-08-13T08-35-41Z"
provenance = "minisign"

[tools.mc."platforms.linux-arm64-musl"]
checksum = "sha256:14c8c9616cfce4636add161304353244e8de383b2e2752c0e9dad01d4c27c12c"
url = "https://dl.min.io/client/mc/release/linux-arm64/archive/mc.RELEASE.2025-08-13T08-35-41Z"
provenance = "minisign"

[tools.mc."platforms.linux-x64"]
checksum = "sha256:01f866e9c5f9b87c2b09116fa5d7c06695b106242d829a8bb32990c00312e891"
url = "https://dl.min.io/client/mc/release/linux-amd64/archive/mc.RELEASE.2025-08-13T08-35-41Z"
provenance = "minisign"

[tools.mc."platforms.linux-x64-musl"]
checksum = "sha256:01f866e9c5f9b87c2b09116fa5d7c06695b106242d829a8bb32990c00312e891"
url = "https://dl.min.io/client/mc/release/linux-amd64/archive/mc.RELEASE.2025-08-13T08-35-41Z"
provenance = "minisign"

[tools.mc."platforms.macos-arm64"]
checksum = "sha256:a877fd0c183409da9f20f9d6e1811987298bbbca1aa03428eebdffba79fb9445"
url = "https://dl.min.io/client/mc/release/darwin-arm64/archive/mc.RELEASE.2025-08-13T08-35-41Z"
provenance = "minisign"

[tools.mc."platforms.macos-x64"]
checksum = "sha256:2862c79cce11b09be9a8911a279b2e9465bebf74b9f01abca9c348a0d795f0cb"
url = "https://dl.min.io/client/mc/release/darwin-amd64/archive/mc.RELEASE.2025-08-13T08-35-41Z"
provenance = "minisign"

[tools.mc."platforms.windows-x64"]
checksum = "sha256:c8db13ebeda31497f354c0e950809db0ae9b2a2a69b8afee68c128c37300c157"
url = "https://dl.min.io/client/mc/release/windows-amd64/archive/mc.RELEASE.2025-08-13T08-35-41Z"
provenance = "minisign"

[[tools.opentofu]]
version = "1.11.11"
backend = "aqua:opentofu/opentofu"

[tools.opentofu."platforms.linux-x64"]
checksum = "sha256:5c48175e9e1785d1daf732e36840da741995d20cd616013dbf6cde98ca00ef17"
url = "https://github.com/opentofu/opentofu/releases/download/v1.11.11/tofu_1.11.11_linux_amd64.tar.gz"
url_api = "https://api.github.com/repos/opentofu/opentofu/releases/assets/455638924"

[[tools.oxfmt]]
version = "0.58.0"
backend = "npm:oxfmt"

[[tools.oxlint]]
version = "1.73.0"
backend = "npm:oxlint"

[[tools.python]]
version = "3.13.14"
backend = "core:python"

[tools.python."platforms.linux-x64"]
checksum = "sha256:459ed79967acc207bef2ff5124dac35d74d5108528e37b15395d14e2922f2c92"
url = "https://github.com/astral-sh/python-build-standalone/releases/download/20260623/cpython-3.13.14+20260623-x86_64-unknown-linux-gnu-install_only_stripped.tar.gz"
provenance = "github-attestations"

[[tools.ruff]]
version = "0.15.21"
backend = "aqua:astral-sh/ruff"

[tools.ruff."platforms.linux-x64"]
checksum = "sha256:7e157ff9a2e13676118c587e6db0ec02d040e415b21014346d230e64789c0e78"
url = "https://github.com/astral-sh/ruff/releases/download/0.15.21/ruff-x86_64-unknown-linux-musl.tar.gz"
url_api = "https://api.github.com/repos/astral-sh/ruff/releases/assets/471700081"
provenance = "github-attestations"

[[tools.talosctl]]
version = "1.13.4"
backend = "aqua:siderolabs/talos"

[tools.talosctl."platforms.linux-arm64"]
checksum = "sha256:71cb14ab72aee8bd89d3ee08931747a9238a10025a689dc4117d532d4c6c444f"
url = "https://github.com/siderolabs/talos/releases/download/v1.13.4/talosctl-linux-arm64"
url_api = "https://api.github.com/repos/siderolabs/talos/releases/assets/442870292"
provenance = "cosign"

[tools.talosctl."platforms.linux-arm64-musl"]
checksum = "sha256:71cb14ab72aee8bd89d3ee08931747a9238a10025a689dc4117d532d4c6c444f"
url = "https://github.com/siderolabs/talos/releases/download/v1.13.4/talosctl-linux-arm64"
url_api = "https://api.github.com/repos/siderolabs/talos/releases/assets/442870292"
provenance = "cosign"

[tools.talosctl."platforms.linux-x64"]
checksum = "sha256:aae1dadd238f9dfbc9790d117a114424b2d59200ee12872d0d9f89e178a69aae"
url = "https://github.com/siderolabs/talos/releases/download/v1.13.4/talosctl-linux-amd64"
url_api = "https://api.github.com/repos/siderolabs/talos/releases/assets/442870276"
provenance = "cosign"

[tools.talosctl."platforms.linux-x64-musl"]
checksum = "sha256:aae1dadd238f9dfbc9790d117a114424b2d59200ee12872d0d9f89e178a69aae"
url = "https://github.com/siderolabs/talos/releases/download/v1.13.4/talosctl-linux-amd64"
url_api = "https://api.github.com/repos/siderolabs/talos/releases/assets/442870276"
provenance = "cosign"

[tools.talosctl."platforms.macos-arm64"]
checksum = "sha256:2d86630f623486d247dac8eb0db1e2f9f581c4aebd201a193e4eaf7eb13392fa"
url = "https://github.com/siderolabs/talos/releases/download/v1.13.4/talosctl-darwin-arm64"
url_api = "https://api.github.com/repos/siderolabs/talos/releases/assets/442870271"
provenance = "cosign"

[tools.talosctl."platforms.macos-x64"]
checksum = "sha256:bdee0433a4ef7668cea884b80b536f018160b0f998429d7440388c62a76e2062"
url = "https://github.com/siderolabs/talos/releases/download/v1.13.4/talosctl-darwin-amd64"
url_api = "https://api.github.com/repos/siderolabs/talos/releases/assets/442870270"
provenance = "cosign"

[tools.talosctl."platforms.windows-x64"]
checksum = "sha256:c3500946ad95b49fce4e8e6222c7a992ac76f6f4e490ce3984fc2176f1821c73"
url = "https://github.com/siderolabs/talos/releases/download/v1.13.4/talosctl-windows-amd64.exe"
url_api = "https://api.github.com/repos/siderolabs/talos/releases/assets/442870285"
provenance = "cosign"

[[tools.tekton-cli]]
version = "0.44.2"
backend = "aqua:tektoncd/cli"

[tools.tekton-cli."platforms.linux-x64"]
checksum = "sha256:fd63384104ba628e29fdbc2c1cd5b202445b7c59aafd31a4425a726c3a3bd902"
url = "https://github.com/tektoncd/cli/releases/download/v0.44.2/tkn_0.44.2_Linux_x86_64.tar.gz"
url_api = "https://api.github.com/repos/tektoncd/cli/releases/assets/453051054"

[[tools.uv]]
version = "0.11.28"
backend = "aqua:astral-sh/uv"

[tools.uv."platforms.linux-x64"]
checksum = "sha256:f02146b371c35c287d860f003ece7345c86e358a3fd70a9b63700cd141ee7fb4"
url = "https://github.com/astral-sh/uv/releases/download/0.11.28/uv-x86_64-unknown-linux-musl.tar.gz"
url_api = "https://api.github.com/repos/astral-sh/uv/releases/assets/469655835"
provenance = "github-attestations"

[[tools.velero]]
version = "1.18.2"
backend = "aqua:vmware-tanzu/velero"

[tools.velero."platforms.linux-x64"]
checksum = "sha256:a4e273de70ea2d9555fee7568742ae175fc8746fdb464139edb428cc3abd9705"
url = "https://github.com/velero-io/velero/releases/download/v1.18.2/velero-v1.18.2-linux-amd64.tar.gz"
url_api = "https://api.github.com/repos/velero-io/velero/releases/assets/458400125"

[[tools.yq]]
version = "4.53.3"
backend = "aqua:mikefarah/yq"

[tools.yq."platforms.linux-x64"]
checksum = "sha256:fa52a4e758c63d38299163fbdd1edfb4c4963247918bf9c1c5d31d84789eded4"
url = "https://github.com/mikefarah/yq/releases/download/v4.53.3/yq_linux_amd64"
url_api = "https://api.github.com/repos/mikefarah/yq/releases/assets/440146735"
provenance = "cosign"
